
Microsoft Visual Studio Solution File, Format Version 12.00
# Visual Studio Version 17
VisualStudioVersion = 17.14.36203.30 d17.14
MinimumVisualStudioVersion = 10.0.40219.1
Project("{FAE04EC0-301F-11D3-BF4B-00C04F79EFBC}") = "HRMBackend", "HRMBackend\HRMBackend.csproj", "{9CD1B120-3064-4203-BFBB-95D8CF880214}"
EndProject
Global
	GlobalSection(SolutionConfigurationPlatforms) = preSolution
		Debug|Any CPU = Debug|Any CPU
		Release|Any CPU = Release|Any CPU
	EndGlobalSection
	GlobalSection(ProjectConfigurationPlatforms) = postSolution
		{9CD1B120-3064-4203-BFBB-95D8CF880214}.Debug|Any CPU.ActiveCfg = Debug|Any CPU
		{9CD1B120-3064-4203-BFBB-95D8CF880214}.Debug|Any CPU.Build.0 = Debug|Any CPU
		{9CD1B120-3064-4203-BFBB-95D8CF880214}.Release|Any CPU.ActiveCfg = Release|Any CPU
		{9CD1B120-3064-4203-BFBB-95D8CF880214}.Release|Any CPU.Build.0 = Release|Any CPU
	EndGlobalSection
	GlobalSection(SolutionProperties) = preSolution
		HideSolutionNode = FALSE
	EndGlobalSection
	GlobalSection(ExtensibilityGlobals) = postSolution
		SolutionGuid = {78AA37BF-FAA4-45EA-9267-098B86EC32B3}
	EndGlobalSection
EndGlobal
